// !$*UTF8*$!
{
	archiveVersion = 1;
	classes = {
	};
	objectVersion = 46;
	objects = {

/* Begin PBXBuildFile section */
		A278E42B1BE2E2C100724FBB /* AppDelegate.swift in Sources */ = {isa = PBXBuildFile; fileRef = A278E42A1BE2E2C100724FBB /* AppDelegate.swift */; };
		A278E4301BE2E2C100724FBB /* Main.storyboard in Resources */ = {isa = PBXBuildFile; fileRef = A278E42E1BE2E2C100724FBB /* Main.storyboard */; };
		A278E4321BE2E2C100724FBB /* Assets.xcassets in Resources */ = {isa = PBXBuildFile; fileRef = A278E4311BE2E2C100724FBB /* Assets.xcassets */; };
		A278E4401BE2E2C100724FBB /* PhotoramaTests.swift in Sources */ = {isa = PBXBuildFile; fileRef = A278E43F1BE2E2C100724FBB /* PhotoramaTests.swift */; };
		A278E44B1BE2E2C100724FBB /* PhotoramaUITests.swift in Sources */ = {isa = PBXBuildFile; fileRef = A278E44A1BE2E2C100724FBB /* PhotoramaUITests.swift */; };
		A278E4591BE2E31900724FBB /* PhotosViewController.swift in Sources */ = {isa = PBXBuildFile; fileRef = A278E4581BE2E31900724FBB /* PhotosViewController.swift */; settings = {ASSET_TAGS = (); }; };
		A278E45B1BE2E85000724FBB /* FlickrAPI.swift in Sources */ = {isa = PBXBuildFile; fileRef = A278E45A1BE2E85000724FBB /* FlickrAPI.swift */; settings = {ASSET_TAGS = (); }; };
		A278E45D1BE2EDDD00724FBB /* PhotoStore.swift in Sources */ = {isa = PBXBuildFile; fileRef = A278E45C1BE2EDDD00724FBB /* PhotoStore.swift */; settings = {ASSET_TAGS = (); }; };
		A2837DE51BE3CFD000A253A9 /* PhotoCollectionViewCell.swift in Sources */ = {isa = PBXBuildFile; fileRef = A2837DE41BE3CFD000A253A9 /* PhotoCollectionViewCell.swift */; settings = {ASSET_TAGS = (); }; };
		A2837DE71BE3D4B000A253A9 /* PhotoInfoViewController.swift in Sources */ = {isa = PBXBuildFile; fileRef = A2837DE61BE3D4B000A253A9 /* PhotoInfoViewController.swift */; settings = {ASSET_TAGS = (); }; };
		A2837DED1BE3E96200A253A9 /* Photorama.xcdatamodeld in Sources */ = {isa = PBXBuildFile; fileRef = A2837DEB1BE3E96200A253A9 /* Photorama.xcdatamodeld */; settings = {ASSET_TAGS = (); }; };
		A2837DF01BE3EAC600A253A9 /* Photo+CoreDataProperties.swift in Sources */ = {isa = PBXBuildFile; fileRef = A2837DEE1BE3EAC600A253A9 /* Photo+CoreDataProperties.swift */; settings = {ASSET_TAGS = (); }; };
		A2837DF11BE3EAC600A253A9 /* Photo.swift in Sources */ = {isa = PBXBuildFile; fileRef = A2837DEF1BE3EAC600A253A9 /* Photo.swift */; settings = {ASSET_TAGS = (); }; };
		A2837DF31BE3EB7B00A253A9 /* CoreDataStack.swift in Sources */ = {isa = PBXBuildFile; fileRef = A2837DF21BE3EB7B00A253A9 /* CoreDataStack.swift */; settings = {ASSET_TAGS = (); }; };
		A2837DF51BE3F10000A253A9 /* ImageStore.swift in Sources */ = {isa = PBXBuildFile; fileRef = A2837DF41BE3F10000A253A9 /* ImageStore.swift */; settings = {ASSET_TAGS = (); }; };
		A2837DF71BE4055B00A253A9 /* TagsViewController.swift in Sources */ = {isa = PBXBuildFile; fileRef = A2837DF61BE4055B00A253A9 /* TagsViewController.swift */; settings = {ASSET_TAGS = (); }; };
		A2837DFA1BE4062800A253A9 /* TagDataSource.swift in Sources */ = {isa = PBXBuildFile; fileRef = A2837DF91BE4062800A253A9 /* TagDataSource.swift */; settings = {ASSET_TAGS = (); }; };
		A29A73581BE3CB520096BCE5 /* PhotoDataSource.swift in Sources */ = {isa = PBXBuildFile; fileRef = A29A73571BE3CB520096BCE5 /* PhotoDataSource.swift */; settings = {ASSET_TAGS = (); }; };
/* End PBXBuildFile section */

/* Begin PBXContainerItemProxy section */
		A278E43C1BE2E2C100724FBB /* PBXContainerItemProxy */ = {
			isa = PBXContainerItemProxy;
			containerPortal = A278E41F1BE2E2C100724FBB /* Project object */;
			proxyType = 1;
			remoteGlobalIDString = A278E4261BE2E2C100724FBB;
			remoteInfo = Photorama;
		};
		A278E4471BE2E2C100724FBB /* PBXContainerItemProxy */ = {
			isa = PBXContainerItemProxy;
			containerPortal = A278E41F1BE2E2C100724FBB /* Project object */;
			proxyType = 1;
			remoteGlobalIDString = A278E4261BE2E2C100724FBB;
			remoteInfo = Photorama;
		};
/* End PBXContainerItemProxy section */

/* Begin PBXFileReference section */
		A278E4271BE2E2C100724FBB /* Photorama.app */ = {isa = PBXFileReference; explicitFileType = wrapper.application; includeInIndex = 0; path = Photorama.app; sourceTree = BUILT_PRODUCTS_DIR; };
		A278E42A1BE2E2C100724FBB /* AppDelegate.swift */ = {isa = PBXFileReference; lastKnownFileType = sourcecode.swift; path = AppDelegate.swift; sourceTree = "<group>"; };
		A278E42F1BE2E2C100724FBB /* Base */ = {isa = PBXFileReference; lastKnownFileType = file.storyboard; name = Base; path = Base.lproj/Main.storyboard; sourceTree = "<group>"; };
		A278E4311BE2E2C100724FBB /* Assets.xcassets */ = {isa = PBXFileReference; lastKnownFileType = folder.assetcatalog; path = Assets.xcassets; sourceTree = "<group>"; };
		A278E4361BE2E2C100724FBB /* Info.plist */ = {isa = PBXFileReference; lastKnownFileType = text.plist.xml; path = Info.plist; sourceTree = "<group>"; };
		A278E43B1BE2E2C100724FBB /* PhotoramaTests.xctest */ = {isa = PBXFileReference; explicitFileType = wrapper.cfbundle; includeInIndex = 0; path = PhotoramaTests.xctest; sourceTree = BUILT_PRODUCTS_DIR; };
		A278E43F1BE2E2C100724FBB /* PhotoramaTests.swift */ = {isa = PBXFileReference; lastKnownFileType = sourcecode.swift; path = PhotoramaTests.swift; sourceTree = "<group>"; };
		A278E4411BE2E2C100724FBB /* Info.plist */ = {isa = PBXFileReference; lastKnownFileType = text.plist.xml; path = Info.plist; sourceTree = "<group>"; };
		A278E4461BE2E2C100724FBB /* PhotoramaUITests.xctest */ = {isa = PBXFileReference; explicitFileType = wrapper.cfbundle; includeInIndex = 0; path = PhotoramaUITests.xctest; sourceTree = BUILT_PRODUCTS_DIR; };
		A278E44A1BE2E2C100724FBB /* PhotoramaUITests.swift */ = {isa = PBXFileReference; lastKnownFileType = sourcecode.swift; path = PhotoramaUITests.swift; sourceTree = "<group>"; };
		A278E44C1BE2E2C100724FBB /* Info.plist */ = {isa = PBXFileReference; lastKnownFileType = text.plist.xml; path = Info.plist; sourceTree = "<group>"; };
		A278E4581BE2E31900724FBB /* PhotosViewController.swift */ = {isa = PBXFileReference; fileEncoding = 4; lastKnownFileType = sourcecode.swift; path = PhotosViewController.swift; sourceTree = "<group>"; };
		A278E45A1BE2E85000724FBB /* FlickrAPI.swift */ = {isa = PBXFileReference; fileEncoding = 4; lastKnownFileType = sourcecode.swift; path = FlickrAPI.swift; sourceTree = "<group>"; };
		A278E45C1BE2EDDD00724FBB /* PhotoStore.swift */ = {isa = PBXFileReference; fileEncoding = 4; lastKnownFileType = sourcecode.swift; path = PhotoStore.swift; sourceTree = "<group>"; };
		A2837DE41BE3CFD000A253A9 /* PhotoCollectionViewCell.swift */ = {isa = PBXFileReference; fileEncoding = 4; lastKnownFileType = sourcecode.swift; path = PhotoCollectionViewCell.swift; sourceTree = "<group>"; };
		A2837DE61BE3D4B000A253A9 /* PhotoInfoViewController.swift */ = {isa = PBXFileReference; fileEncoding = 4; lastKnownFileType = sourcecode.swift; path = PhotoInfoViewController.swift; sourceTree = "<group>"; };
		A2837DEC1BE3E96200A253A9 /* Photorama.xcdatamodel */ = {isa = PBXFileReference; lastKnownFileType = wrapper.xcdatamodel; path = Photorama.xcdatamodel; sourceTree = "<group>"; };
		A2837DEE1BE3EAC600A253A9 /* Photo+CoreDataProperties.swift */ = {isa = PBXFileReference; fileEncoding = 4; lastKnownFileType = sourcecode.swift; name = "Photo+CoreDataProperties.swift"; path = "../Photo+CoreDataProperties.swift"; sourceTree = "<group>"; };
		A2837DEF1BE3EAC600A253A9 /* Photo.swift */ = {isa = PBXFileReference; fileEncoding = 4; lastKnownFileType = sourcecode.swift; name = Photo.swift; path = ../Photo.swift; sourceTree = "<group>"; };
		A2837DF21BE3EB7B00A253A9 /* CoreDataStack.swift */ = {isa = PBXFileReference; fileEncoding = 4; lastKnownFileType = sourcecode.swift; name = CoreDataStack.swift; path = ../CoreDataStack.swift; sourceTree = "<group>"; };
		A2837DF41BE3F10000A253A9 /* ImageStore.swift */ = {isa = PBXFileReference; fileEncoding = 4; lastKnownFileType = sourcecode.swift; path = ImageStore.swift; sourceTree = "<group>"; };
		A2837DF61BE4055B00A253A9 /* TagsViewController.swift */ = {isa = PBXFileReference; fileEncoding = 4; lastKnownFileType = sourcecode.swift; path = TagsViewController.swift; sourceTree = "<group>"; };
		A2837DF91BE4062800A253A9 /* TagDataSource.swift */ = {isa = PBXFileReference; fileEncoding = 4; lastKnownFileType = sourcecode.swift; path = TagDataSource.swift; sourceTree = "<group>"; };
		A29A73571BE3CB520096BCE5 /* PhotoDataSource.swift */ = {isa = PBXFileReference; fileEncoding = 4; lastKnownFileType = sourcecode.swift; path = PhotoDataSource.swift; sourceTree = "<group>"; };
/* End PBXFileReference section */

/* Begin PBXFrameworksBuildPhase section */
		A278E4241BE2E2C100724FBB /* Frameworks */ = {
			isa = PBXFrameworksBuildPhase;
			buildActionMask = 2147483647;
			files = (
			);
			runOnlyForDeploymentPostprocessing = 0;
		};
		A278E4381BE2E2C100724FBB /* Frameworks */ = {
			isa = PBXFrameworksBuildPhase;
			buildActionMask = 2147483647;
			files = (
			);
			runOnlyForDeploymentPostprocessing = 0;
		};
		A278E4431BE2E2C100724FBB /* Frameworks */ = {
			isa = PBXFrameworksBuildPhase;
			buildActionMask = 2147483647;
			files = (
			);
			runOnlyForDeploymentPostprocessing = 0;
		};
/* End PBXFrameworksBuildPhase section */

/* Begin PBXGroup section */
		A278E41E1BE2E2C100724FBB = {
			isa = PBXGroup;
			children = (
				A278E4291BE2E2C100724FBB /* Photorama */,
				A278E43E1BE2E2C100724FBB /* PhotoramaTests */,
				A278E4491BE2E2C100724FBB /* PhotoramaUITests */,
				A278E4281BE2E2C100724FBB /* Products */,
			);
			sourceTree = "<group>";
		};
		A278E4281BE2E2C100724FBB /* Products */ = {
			isa = PBXGroup;
			children = (
				A278E4271BE2E2C100724FBB /* Photorama.app */,
				A278E43B1BE2E2C100724FBB /* PhotoramaTests.xctest */,
				A278E4461BE2E2C100724FBB /* PhotoramaUITests.xctest */,
			);
			name = Products;
			sourceTree = "<group>";
		};
		A278E4291BE2E2C100724FBB /* Photorama */ = {
			isa = PBXGroup;
			children = (
				A278E4311BE2E2C100724FBB /* Assets.xcassets */,
				A2837DF81BE4058A00A253A9 /* Controllers */,
				A2837DFB1BE4062E00A253A9 /* Data */,
				A2837DFC1BE4066800A253A9 /* Stores */,
				A278E42A1BE2E2C100724FBB /* AppDelegate.swift */,
				A278E45A1BE2E85000724FBB /* FlickrAPI.swift */,
				A2837DEF1BE3EAC600A253A9 /* Photo.swift */,
				A2837DE41BE3CFD000A253A9 /* PhotoCollectionViewCell.swift */,
				A278E42E1BE2E2C100724FBB /* Main.storyboard */,
				A278E4361BE2E2C100724FBB /* Info.plist */,
				A2837DEB1BE3E96200A253A9 /* Photorama.xcdatamodeld */,
			);
			path = Photorama;
			sourceTree = "<group>";
		};
		A278E43E1BE2E2C100724FBB /* PhotoramaTests */ = {
			isa = PBXGroup;
			children = (
				A278E43F1BE2E2C100724FBB /* PhotoramaTests.swift */,
				A278E4411BE2E2C100724FBB /* Info.plist */,
			);
			path = PhotoramaTests;
			sourceTree = "<group>";
		};
		A278E4491BE2E2C100724FBB /* PhotoramaUITests */ = {
			isa = PBXGroup;
			children = (
				A278E44A1BE2E2C100724FBB /* PhotoramaUITests.swift */,
				A278E44C1BE2E2C100724FBB /* Info.plist */,
			);
			path = PhotoramaUITests;
			sourceTree = "<group>";
		};
		A2837DF81BE4058A00A253A9 /* Controllers */ = {
			isa = PBXGroup;
			children = (
				A2837DE61BE3D4B000A253A9 /* PhotoInfoViewController.swift */,
				A278E4581BE2E31900724FBB /* PhotosViewController.swift */,
				A2837DF61BE4055B00A253A9 /* TagsViewController.swift */,
			);
			name = Controllers;
			sourceTree = "<group>";
		};
		A2837DFB1BE4062E00A253A9 /* Data */ = {
			isa = PBXGroup;
			children = (
				A2837DF21BE3EB7B00A253A9 /* CoreDataStack.swift */,
				A2837DEE1BE3EAC600A253A9 /* Photo+CoreDataProperties.swift */,
				A29A73571BE3CB520096BCE5 /* PhotoDataSource.swift */,
				A2837DF91BE4062800A253A9 /* TagDataSource.swift */,
			);
			name = Data;
			sourceTree = "<group>";
		};
		A2837DFC1BE4066800A253A9 /* Stores */ = {
			isa = PBXGroup;
			children = (
				A2837DF41BE3F10000A253A9 /* ImageStore.swift */,
				A278E45C1BE2EDDD00724FBB /* PhotoStore.swift */,
			);
			name = Stores;
			sourceTree = "<group>";
		};
/* End PBXGroup section */

/* Begin PBXNativeTarget section */
		A278E4261BE2E2C100724FBB /* Photorama */ = {
			isa = PBXNativeTarget;
			buildConfigurationList = A278E44F1BE2E2C100724FBB /* Build configuration list for PBXNativeTarget "Photorama" */;
			buildPhases = (
				A278E4231BE2E2C100724FBB /* Sources */,
				A278E4241BE2E2C100724FBB /* Frameworks */,
				A278E4251BE2E2C100724FBB /* Resources */,
			);
			buildRules = (
			);
			dependencies = (
			);
			name = Photorama;
			productName = Photorama;
			productReference = A278E4271BE2E2C100724FBB /* Photorama.app */;
			productType = "com.apple.product-type.application";
		};
		A278E43A1BE2E2C100724FBB /* PhotoramaTests */ = {
			isa = PBXNativeTarget;
			buildConfigurationList = A278E4521BE2E2C100724FBB /* Build configuration list for PBXNativeTarget "PhotoramaTests" */;
			buildPhases = (
				A278E4371BE2E2C100724FBB /* Sources */,
				A278E4381BE2E2C100724FBB /* Frameworks */,
				A278E4391BE2E2C100724FBB /* Resources */,
			);
			buildRules = (
			);
			dependencies = (
				A278E43D1BE2E2C100724FBB /* PBXTargetDependency */,
			);
			name = PhotoramaTests;
			productName = PhotoramaTests;
			productReference = A278E43B1BE2E2C100724FBB /* PhotoramaTests.xctest */;
			productType = "com.apple.product-type.bundle.unit-test";
		};
		A278E4451BE2E2C100724FBB /* PhotoramaUITests */ = {
			isa = PBXNativeTarget;
			buildConfigurationList = A278E4551BE2E2C100724FBB /* Build configuration list for PBXNativeTarget "PhotoramaUITests" */;
			buildPhases = (
				A278E4421BE2E2C100724FBB /* Sources */,
				A278E4431BE2E2C100724FBB /* Frameworks */,
				A278E4441BE2E2C100724FBB /* Resources */,
			);
			buildRules = (
			);
			dependencies = (
				A278E4481BE2E2C100724FBB /* PBXTargetDependency */,
			);
			name = PhotoramaUITests;
			productName = PhotoramaUITests;
			productReference = A278E4461BE2E2C100724FBB /* PhotoramaUITests.xctest */;
			productType = "com.apple.product-type.bundle.ui-testing";
		};
/* End PBXNativeTarget section */

/* Begin PBXProject section */
		A278E41F1BE2E2C100724FBB /* Project object */ = {
			isa = PBXProject;
			attributes = {
				LastUpgradeCheck = 0700;
				ORGANIZATIONNAME = "Kelly Yamamoto";
				TargetAttributes = {
					A278E4261BE2E2C100724FBB = {
						CreatedOnToolsVersion = 7.0;
					};
					A278E43A1BE2E2C100724FBB = {
						CreatedOnToolsVersion = 7.0;
						TestTargetID = A278E4261BE2E2C100724FBB;
					};
					A278E4451BE2E2C100724FBB = {
						CreatedOnToolsVersion = 7.0;
						TestTargetID = A278E4261BE2E2C100724FBB;
					};
				};
			};
			buildConfigurationList = A278E4221BE2E2C100724FBB /* Build configuration list for PBXProject "Photorama" */;
			compatibilityVersion = "Xcode 3.2";
			developmentRegion = English;
			hasScannedForEncodings = 0;
			knownRegions = (
				en,
				Base,
			);
			mainGroup = A278E41E1BE2E2C100724FBB;
			productRefGroup = A278E4281BE2E2C100724FBB /* Products */;
			projectDirPath = "";
			projectRoot = "";
			targets = (
				A278E4261BE2E2C100724FBB /* Photorama */,
				A278E43A1BE2E2C100724FBB /* PhotoramaTests */,
				A278E4451BE2E2C100724FBB /* PhotoramaUITests */,
			);
		};
/* End PBXProject section */

/* Begin PBXResourcesBuildPhase section */
		A278E4251BE2E2C100724FBB /* Resources */ = {
			isa = PBXResourcesBuildPhase;
			buildActionMask = 2147483647;
			files = (
				A278E4321BE2E2C100724FBB /* Assets.xcassets in Resources */,
				A278E4301BE2E2C100724FBB /* Main.storyboard in Resources */,
			);
			runOnlyForDeploymentPostprocessing = 0;
		};
		A278E4391BE2E2C100724FBB /* Resources */ = {
			isa = PBXResourcesBuildPhase;
			buildActionMask = 2147483647;
			files = (
			);
			runOnlyForDeploymentPostprocessing = 0;
		};
		A278E4441BE2E2C100724FBB /* Resources */ = {
			isa = PBXResourcesBuildPhase;
			buildActionMask = 2147483647;
			files = (
			);
			runOnlyForDeploymentPostprocessing = 0;
		};
/* End PBXResourcesBuildPhase section */

/* Begin PBXSourcesBuildPhase section */
		A278E4231BE2E2C100724FBB /* Sources */ = {
			isa = PBXSourcesBuildPhase;
			buildActionMask = 2147483647;
			files = (
				A278E45B1BE2E85000724FBB /* FlickrAPI.swift in Sources */,
				A278E4591BE2E31900724FBB /* PhotosViewController.swift in Sources */,
				A2837DED1BE3E96200A253A9 /* Photorama.xcdatamodeld in Sources */,
				A278E45D1BE2EDDD00724FBB /* PhotoStore.swift in Sources */,
				A2837DF11BE3EAC600A253A9 /* Photo.swift in Sources */,
				A29A73581BE3CB520096BCE5 /* PhotoDataSource.swift in Sources */,
				A2837DF71BE4055B00A253A9 /* TagsViewController.swift in Sources */,
				A2837DF31BE3EB7B00A253A9 /* CoreDataStack.swift in Sources */,
				A2837DE51BE3CFD000A253A9 /* PhotoCollectionViewCell.swift in Sources */,
				A2837DF01BE3EAC600A253A9 /* Photo+CoreDataProperties.swift in Sources */,
				A2837DE71BE3D4B000A253A9 /* PhotoInfoViewController.swift in Sources */,
				A2837DFA1BE4062800A253A9 /* TagDataSource.swift in Sources */,
				A278E42B1BE2E2C100724FBB /* AppDelegate.swift in Sources */,
				A2837DF51BE3F10000A253A9 /* ImageStore.swift in Sources */,
			);
			runOnlyForDeploymentPostprocessing = 0;
		};
		A278E4371BE2E2C100724FBB /* Sources */ = {
			isa = PBXSourcesBuildPhase;
			buildActionMask = 2147483647;
			files = (
				A278E4401BE2E2C100724FBB /* PhotoramaTests.swift in Sources */,
			);
			runOnlyForDeploymentPostprocessing = 0;
		};
		A278E4421BE2E2C100724FBB /* Sources */ = {
			isa = PBXSourcesBuildPhase;
			buildActionMask = 2147483647;
			files = (
				A278E44B1BE2E2C100724FBB /* PhotoramaUITests.swift in Sources */,
			);
			runOnlyForDeploymentPostprocessing = 0;
		};
/* End PBXSourcesBuildPhase section */

/* Begin PBXTargetDependency section */
		A278E43D1BE2E2C100724FBB /* PBXTargetDependency */ = {
			isa = PBXTargetDependency;
			target = A278E4261BE2E2C100724FBB /* Photorama */;
			targetProxy = A278E43C1BE2E2C100724FBB /* PBXContainerItemProxy */;
		};
		A278E4481BE2E2C100724FBB /* PBXTargetDependency */ = {
			isa = PBXTargetDependency;
			target = A278E4261BE2E2C100724FBB /* Photorama */;
			targetProxy = A278E4471BE2E2C100724FBB /* PBXContainerItemProxy */;
		};
/* End PBXTargetDependency section */

/* Begin PBXVariantGroup section */
		A278E42E1BE2E2C100724FBB /* Main.storyboard */ = {
			isa = PBXVariantGroup;
			children = (
				A278E42F1BE2E2C100724FBB /* Base */,
			);
			name = Main.storyboard;
			sourceTree = "<group>";
		};
/* End PBXVariantGroup section */

/* Begin XCBuildConfiguration section */
		A278E44D1BE2E2C100724FBB /* Debug */ = {
			isa = XCBuildConfiguration;
			buildSettings = {
				ALWAYS_SEARCH_USER_PATHS = NO;
				CLANG_CXX_LANGUAGE_STANDARD = "gnu++0x";
				CLANG_CXX_LIBRARY = "libc++";
				CLANG_ENABLE_MODULES = YES;
				CLANG_ENABLE_OBJC_ARC = YES;
				CLANG_WARN_BOOL_CONVERSION = YES;
				CLANG_WARN_CONSTANT_CONVERSION = YES;
				CLANG_WARN_DIRECT_OBJC_ISA_USAGE = YES_ERROR;
				CLANG_WARN_EMPTY_BODY = YES;
				CLANG_WARN_ENUM_CONVERSION = YES;
				CLANG_WARN_INT_CONVERSION = YES;
				CLANG_WARN_OBJC_ROOT_CLASS = YES_ERROR;
				CLANG_WARN_UNREACHABLE_CODE = YES;
				CLANG_WARN__DUPLICATE_METHOD_MATCH = YES;
				"CODE_SIGN_IDENTITY[sdk=iphoneos*]" = "iPhone Developer";
				COPY_PHASE_STRIP = NO;
				DEBUG_INFORMATION_FORMAT = dwarf;
				ENABLE_STRICT_OBJC_MSGSEND = YES;
				ENABLE_TESTABILITY = YES;
				GCC_C_LANGUAGE_STANDARD = gnu99;
				GCC_DYNAMIC_NO_PIC = NO;
				GCC_NO_COMMON_BLOCKS = YES;
				GCC_OPTIMIZATION_LEVEL = 0;
				GCC_PREPROCESSOR_DEFINITIONS = (
					"DEBUG=1",
					"$(inherited)",
				);
				GCC_WARN_64_TO_32_BIT_CONVERSION = YES;
				GCC_WARN_ABOUT_RETURN_TYPE = YES_ERROR;
				GCC_WARN_UNDECLARED_SELECTOR = YES;
				GCC_WARN_UNINITIALIZED_AUTOS = YES_AGGRESSIVE;
				GCC_WARN_UNUSED_FUNCTION = YES;
				GCC_WARN_UNUSED_VARIABLE = YES;
				IPHONEOS_DEPLOYMENT_TARGET = 9.0;
				MTL_ENABLE_DEBUG_INFO = YES;
				ONLY_ACTIVE_ARCH = YES;
				SDKROOT = iphoneos;
				SWIFT_OPTIMIZATION_LEVEL = "-Onone";
				TARGETED_DEVICE_FAMILY = "1,2";
			};
			name = Debug;
		};
		A278E44E1BE2E2C100724FBB /* Release */ = {
			isa = XCBuildConfiguration;
			buildSettings = {
				ALWAYS_SEARCH_USER_PATHS = NO;
				CLANG_CXX_LANGUAGE_STANDARD = "gnu++0x";
				CLANG_CXX_LIBRARY = "libc++";
				CLANG_ENABLE_MODULES = YES;
				CLANG_ENABLE_OBJC_ARC = YES;
				CLANG_WARN_BOOL_CONVERSION = YES;
				CLANG_WARN_CONSTANT_CONVERSION = YES;
				CLANG_WARN_DIRECT_OBJC_ISA_USAGE = YES_ERROR;
				CLANG_WARN_EMPTY_BODY = YES;
				CLANG_WARN_ENUM_CONVERSION = YES;
				CLANG_WARN_INT_CONVERSION = YES;
				CLANG_WARN_OBJC_ROOT_CLASS = YES_ERROR;
				CLANG_WARN_UNREACHABLE_CODE = YES;
				CLANG_WARN__DUPLICATE_METHOD_MATCH = YES;
				"CODE_SIGN_IDENTITY[sdk=iphoneos*]" = "iPhone Developer";
				COPY_PHASE_STRIP = NO;
				DEBUG_INFORMATION_FORMAT = "dwarf-with-dsym";
				ENABLE_NS_ASSERTIONS = NO;
				ENABLE_STRICT_OBJC_MSGSEND = YES;
				GCC_C_LANGUAGE_STANDARD = gnu99;
				GCC_NO_COMMON_BLOCKS = YES;
				GCC_WARN_64_TO_32_BIT_CONVERSION = YES;
				GCC_WARN_ABOUT_RETURN_TYPE = YES_ERROR;
				GCC_WARN_UNDECLARED_SELECTOR = YES;
				GCC_WARN_UNINITIALIZED_AUTOS = YES_AGGRESSIVE;
				GCC_WARN_UNUSED_FUNCTION = YES;
				GCC_WARN_UNUSED_VARIABLE = YES;
				IPHONEOS_DEPLOYMENT_TARGET = 9.0;
				MTL_ENABLE_DEBUG_INFO = NO;
				SDKROOT = iphoneos;
				TARGETED_DEVICE_FAMILY = "1,2";
				VALIDATE_PRODUCT = YES;
			};
			name = Release;
		};
		A278E4501BE2E2C100724FBB /* Debug */ = {
			isa = XCBuildConfiguration;
			buildSettings = {
				ASSETCATALOG_COMPILER_APPICON_NAME = AppIcon;
				INFOPLIST_FILE = Photorama/Info.plist;
				LD_RUNPATH_SEARCH_PATHS = "$(inherited) @executable_path/Frameworks";
				PRODUCT_BUNDLE_IDENTIFIER = TCC.Photorama;
				PRODUCT_NAME = "$(TARGET_NAME)";
			};
			name = Debug;
		};
		A278E4511BE2E2C100724FBB /* Release */ = {
			isa = XCBuildConfiguration;
			buildSettings = {
				ASSETCATALOG_COMPILER_APPICON_NAME = AppIcon;
				INFOPLIST_FILE = Photorama/Info.plist;
				LD_RUNPATH_SEARCH_PATHS = "$(inherited) @executable_path/Frameworks";
				PRODUCT_BUNDLE_IDENTIFIER = TCC.Photorama;
				PRODUCT_NAME = "$(TARGET_NAME)";
			};
			name = Release;
		};
		A278E4531BE2E2C100724FBB /* Debug */ = {
			isa = XCBuildConfiguration;
			buildSettings = {
				BUNDLE_LOADER = "$(TEST_HOST)";
				INFOPLIST_FILE = PhotoramaTests/Info.plist;
				LD_RUNPATH_SEARCH_PATHS = "$(inherited) @executable_path/Frameworks @loader_path/Frameworks";
				PRODUCT_BUNDLE_IDENTIFIER = TCC.PhotoramaTests;
				PRODUCT_NAME = "$(TARGET_NAME)";
				TEST_HOST = "$(BUILT_PRODUCTS_DIR)/Photorama.app/Photorama";
			};
			name = Debug;
		};
		A278E4541BE2E2C100724FBB /* Release */ = {
			isa = XCBuildConfiguration;
			buildSettings = {
				BUNDLE_LOADER = "$(TEST_HOST)";
				INFOPLIST_FILE = PhotoramaTests/Info.plist;
				LD_RUNPATH_SEARCH_PATHS = "$(inherited) @executable_path/Frameworks @loader_path/Frameworks";
				PRODUCT_BUNDLE_IDENTIFIER = TCC.PhotoramaTests;
				PRODUCT_NAME = "$(TARGET_NAME)";
				TEST_HOST = "$(BUILT_PRODUCTS_DIR)/Photorama.app/Photorama";
			};
			name = Release;
		};
		A278E4561BE2E2C100724FBB /* Debug */ = {
			isa = XCBuildConfiguration;
			buildSettings = {
				INFOPLIST_FILE = PhotoramaUITests/Info.plist;
				LD_RUNPATH_SEARCH_PATHS = "$(inherited) @executable_path/Frameworks @loader_path/Frameworks";
				PRODUCT_BUNDLE_IDENTIFIER = TCC.PhotoramaUITests;
				PRODUCT_NAME = "$(TARGET_NAME)";
				TEST_TARGET_NAME = Photorama;
				USES_XCTRUNNER = YES;
			};
			name = Debug;
		};
		A278E4571BE2E2C100724FBB /* Release */ = {
			isa = XCBuildConfiguration;
			buildSettings = {
				INFOPLIST_FILE = PhotoramaUITests/Info.plist;
				LD_RUNPATH_SEARCH_PATHS = "$(inherited) @executable_path/Frameworks @loader_path/Frameworks";
				PRODUCT_BUNDLE_IDENTIFIER = TCC.PhotoramaUITests;
				PRODUCT_NAME = "$(TARGET_NAME)";
				TEST_TARGET_NAME = Photorama;
				USES_XCTRUNNER = YES;
			};
			name = Release;
		};
/* End XCBuildConfiguration section */

/* Begin XCConfigurationList section */
		A278E4221BE2E2C100724FBB /* Build configuration list for PBXProject "Photorama" */ = {
			isa = XCConfigurationList;
			buildConfigurations = (
				A278E44D1BE2E2C100724FBB /* Debug */,
				A278E44E1BE2E2C100724FBB /* Release */,
			);
			defaultConfigurationIsVisible = 0;
			defaultConfigurationName = Release;
		};
		A278E44F1BE2E2C100724FBB /* Build configuration list for PBXNativeTarget "Photorama" */ = {
			isa = XCConfigurationList;
			buildConfigurations = (
				A278E4501BE2E2C100724FBB /* Debug */,
				A278E4511BE2E2C100724FBB /* Release */,
			);
			defaultConfigurationIsVisible = 0;
			defaultConfigurationName = Release;
		};
		A278E4521BE2E2C100724FBB /* Build configuration list for PBXNativeTarget "PhotoramaTests" */ = {
			isa = XCConfigurationList;
			buildConfigurations = (
				A278E4531BE2E2C100724FBB /* Debug */,
				A278E4541BE2E2C100724FBB /* Release */,
			);
			defaultConfigurationIsVisible = 0;
			defaultConfigurationName = Release;
		};
		A278E4551BE2E2C100724FBB /* Build configuration list for PBXNativeTarget "PhotoramaUITests" */ = {
			isa = XCConfigurationList;
			buildConfigurations = (
				A278E4561BE2E2C100724FBB /* Debug */,
				A278E4571BE2E2C100724FBB /* Release */,
			);
			defaultConfigurationIsVisible = 0;
			defaultConfigurationName = Release;
		};
/* End XCConfigurationList section */

/* Begin XCVersionGroup section */
		A2837DEB1BE3E96200A253A9 /* Photorama.xcdatamodeld */ = {
			isa = XCVersionGroup;
			children = (
				A2837DEC1BE3E96200A253A9 /* Photorama.xcdatamodel */,
			);
			currentVersion = A2837DEC1BE3E96200A253A9 /* Photorama.xcdatamodel */;
			path = Photorama.xcdatamodeld;
			sourceTree = "<group>";
			versionGroupType = wrapper.xcdatamodel;
		};
/* End XCVersionGroup section */
	};
	rootObject = A278E41F1BE2E2C100724FBB /* Project object */;
}
